
Microsoft Visual Studio Solution File, Format Version 12.00
# Visual Studio Version 17
VisualStudioVersion = 17.4.33403.182
MinimumVisualStudioVersion = 10.0.40219.1
Project("{FAE04EC0-301F-11D3-BF4B-00C04F79EFBC}") = "SSH Server Manager", "SSH Server Manager\SSH Server Manager.csproj", "{A16162F4-D129-45A3-B2D3-81EE522F626C}"
EndProject
Global
	GlobalSection(SolutionConfigurationPlatforms) = preSolution
		Debug|Any CPU = Debug|Any CPU
		Release|Any CPU = Release|Any CPU
	EndGlobalSection
	GlobalSection(ProjectConfigurationPlatforms) = postSolution
		{A16162F4-D129-45A3-B2D3-81EE522F626C}.Debug|Any CPU.ActiveCfg = Debug|Any CPU
		{A16162F4-D129-45A3-B2D3-81EE522F626C}.Debug|Any CPU.Build.0 = Debug|Any CPU
		{A16162F4-D129-45A3-B2D3-81EE522F626C}.Release|Any CPU.ActiveCfg = Release|Any CPU
		{A16162F4-D129-45A3-B2D3-81EE522F626C}.Release|Any CPU.Build.0 = Release|Any CPU
	EndGlobalSection
	GlobalSection(SolutionProperties) = preSolution
		HideSolutionNode = FALSE
	EndGlobalSection
	GlobalSection(ExtensibilityGlobals) = postSolution
		SolutionGuid = {F0A0511A-1F4A-4EE5-8D9C-DF5AFDB0790F}
	EndGlobalSection
EndGlobal
